
Microsoft Visual Studio Solution File, Format Version 12.00
# Visual Studio Version 17
VisualStudioVersion = 17.5.33516.290
MinimumVisualStudioVersion = 10.0.40219.1
Project("{FAE04EC0-301F-11D3-BF4B-00C04F79EFBC}") = "maison", "maison\maison.csproj", "{98716963-B4C0-4088-B13B-C228DD347440}"
EndProject
Global
	GlobalSection(SolutionConfigurationPlatforms) = preSolution
		Debug|Any CPU = Debug|Any CPU
		Release|Any CPU = Release|Any CPU
	EndGlobalSection
	GlobalSection(ProjectConfigurationPlatforms) = postSolution
		{98716963-B4C0-4088-B13B-C228DD347440}.Debug|Any CPU.ActiveCfg = Debug|Any CPU
		{98716963-B4C0-4088-B13B-C228DD347440}.Debug|Any CPU.Build.0 = Debug|Any CPU
		{98716963-B4C0-4088-B13B-C228DD347440}.Release|Any CPU.ActiveCfg = Release|Any CPU
		{98716963-B4C0-4088-B13B-C228DD347440}.Release|Any CPU.Build.0 = Release|Any CPU
	EndGlobalSection
	GlobalSection(SolutionProperties) = preSolution
		HideSolutionNode = FALSE
	EndGlobalSection
	GlobalSection(ExtensibilityGlobals) = postSolution
		SolutionGuid = {090B24DB-6B6B-4182-81E2-6112D1C05D2E}
	EndGlobalSection
EndGlobal
